
Microsoft Visual Studio Solution File, Format Version 12.00
# Visual Studio 15
VisualStudioVersion = 15.0.28010.2048
MinimumVisualStudioVersion = 10.0.40219.1
Project("{FAE04EC0-301F-11D3-BF4B-00C04F79EFBC}") = "InventMan", "InventMan\InventMan.csproj", "{299F142E-468F-4554-9627-7AFDBB6A615F}"
EndProject
Global
	GlobalSection(SolutionConfigurationPlatforms) = preSolution
		Debug|Any CPU = Debug|Any CPU
		Release|Any CPU = Release|Any CPU
	EndGlobalSection
	GlobalSection(ProjectConfigurationPlatforms) = postSolution
		{299F142E-468F-4554-9627-7AFDBB6A615F}.Debug|Any CPU.ActiveCfg = Debug|Any CPU
		{299F142E-468F-4554-9627-7AFDBB6A615F}.Debug|Any CPU.Build.0 = Debug|Any CPU
		{299F142E-468F-4554-9627-7AFDBB6A615F}.Release|Any CPU.ActiveCfg = Release|Any CPU
		{299F142E-468F-4554-9627-7AFDBB6A615F}.Release|Any CPU.Build.0 = Release|Any CPU
	EndGlobalSection
	GlobalSection(SolutionProperties) = preSolution
		HideSolutionNode = FALSE
	EndGlobalSection
	GlobalSection(ExtensibilityGlobals) = postSolution
		SolutionGuid = {F24DBE59-5637-4641-B3D9-A839DEADDE5F}
	EndGlobalSection
EndGlobal
